
Microsoft Visual Studio Solution File, Format Version 12.00
# Visual Studio Version 16
VisualStudioVersion = 16.0.29609.76
MinimumVisualStudioVersion = 10.0.40219.1
Project("{888888A0-9F3D-457C-B088-3A5042F75D52}") = "FlaskProjectYali", "FlaskProjectYali\FlaskProjectYali.pyproj", "{D721B3F4-FC9A-4DAB-B65C-3BA4818D1EE0}"
EndProject
Global
	GlobalSection(SolutionConfigurationPlatforms) = preSolution
		Debug|Any CPU = Debug|Any CPU
		Release|Any CPU = Release|Any CPU
	EndGlobalSection
	GlobalSection(ProjectConfigurationPlatforms) = postSolution
		{D721B3F4-FC9A-4DAB-B65C-3BA4818D1EE0}.Debug|Any CPU.ActiveCfg = Debug|Any CPU
		{D721B3F4-FC9A-4DAB-B65C-3BA4818D1EE0}.Debug|Any CPU.Build.0 = Debug|Any CPU
		{D721B3F4-FC9A-4DAB-B65C-3BA4818D1EE0}.Release|Any CPU.ActiveCfg = Release|Any CPU
		{D721B3F4-FC9A-4DAB-B65C-3BA4818D1EE0}.Release|Any CPU.Build.0 = Release|Any CPU
	EndGlobalSection
	GlobalSection(SolutionProperties) = preSolution
		HideSolutionNode = FALSE
	EndGlobalSection
	GlobalSection(ExtensibilityGlobals) = postSolution
		SolutionGuid = {D94E56BA-A239-4589-9E67-5912A7A992C6}
	EndGlobalSection
EndGlobal
